
Microsoft Visual Studio Solution File, Format Version 12.00
# Visual Studio 15
VisualStudioVersion = 15.0.28307.168
MinimumVisualStudioVersion = 10.0.40219.1
Project("{FAE04EC0-301F-11D3-BF4B-00C04F79EFBC}") = "workflow_server", "workflow_server\workflow_server.csproj", "{683E5DC2-EB6F-41F5-BE93-862F7F7B871B}"
EndProject
Global
	GlobalSection(SolutionConfigurationPlatforms) = preSolution
		Debug|Any CPU = Debug|Any CPU
		Release|Any CPU = Release|Any CPU
	EndGlobalSection
	GlobalSection(ProjectConfigurationPlatforms) = postSolution
		{683E5DC2-EB6F-41F5-BE93-862F7F7B871B}.Debug|Any CPU.ActiveCfg = Debug|Any CPU
		{683E5DC2-EB6F-41F5-BE93-862F7F7B871B}.Debug|Any CPU.Build.0 = Debug|Any CPU
		{683E5DC2-EB6F-41F5-BE93-862F7F7B871B}.Release|Any CPU.ActiveCfg = Release|Any CPU
		{683E5DC2-EB6F-41F5-BE93-862F7F7B871B}.Release|Any CPU.Build.0 = Release|Any CPU
	EndGlobalSection
	GlobalSection(SolutionProperties) = preSolution
		HideSolutionNode = FALSE
	EndGlobalSection
	GlobalSection(ExtensibilityGlobals) = postSolution
		SolutionGuid = {E6FA8C60-5075-42FD-A11D-CE731B4809E6}
	EndGlobalSection
EndGlobal
